
Microsoft Visual Studio Solution File, Format Version 12.00
# Visual Studio 15
VisualStudioVersion = 15.0.27428.2037
MinimumVisualStudioVersion = 10.0.40219.1
Project("{FAE04EC0-301F-11D3-BF4B-00C04F79EFBC}") = "Tabler", "Tabler\Tabler.csproj", "{22A77497-A4E2-4BEE-9ED8-BE27C2C53364}"
EndProject
Global
	GlobalSection(SolutionConfigurationPlatforms) = preSolution
		Debug|Any CPU = Debug|Any CPU
		Release|Any CPU = Release|Any CPU
	EndGlobalSection
	GlobalSection(ProjectConfigurationPlatforms) = postSolution
		{22A77497-A4E2-4BEE-9ED8-BE27C2C53364}.Debug|Any CPU.ActiveCfg = Debug|Any CPU
		{22A77497-A4E2-4BEE-9ED8-BE27C2C53364}.Debug|Any CPU.Build.0 = Debug|Any CPU
		{22A77497-A4E2-4BEE-9ED8-BE27C2C53364}.Release|Any CPU.ActiveCfg = Release|Any CPU
		{22A77497-A4E2-4BEE-9ED8-BE27C2C53364}.Release|Any CPU.Build.0 = Release|Any CPU
	EndGlobalSection
	GlobalSection(SolutionProperties) = preSolution
		HideSolutionNode = FALSE
	EndGlobalSection
	GlobalSection(ExtensibilityGlobals) = postSolution
		SolutionGuid = {727F3DCA-D8C1-40FD-B8D7-2BF4131868B7}
	EndGlobalSection
EndGlobal
